
Microsoft Visual Studio Solution File, Format Version 12.00
# Visual Studio Version 16
VisualStudioVersion = 16.0.29230.47
MinimumVisualStudioVersion = 10.0.40219.1
Project("{FAE04EC0-301F-11D3-BF4B-00C04F79EFBC}") = "TeamProject", "TeamProject\TeamProject.csproj", "{1ED9DA72-2C9F-469D-9184-C08E36A88D97}"
EndProject
Global
	GlobalSection(SolutionConfigurationPlatforms) = preSolution
		Debug|Any CPU = Debug|Any CPU
		Release|Any CPU = Release|Any CPU
	EndGlobalSection
	GlobalSection(ProjectConfigurationPlatforms) = postSolution
		{1ED9DA72-2C9F-469D-9184-C08E36A88D97}.Debug|Any CPU.ActiveCfg = Debug|Any CPU
		{1ED9DA72-2C9F-469D-9184-C08E36A88D97}.Debug|Any CPU.Build.0 = Debug|Any CPU
		{1ED9DA72-2C9F-469D-9184-C08E36A88D97}.Release|Any CPU.ActiveCfg = Release|Any CPU
		{1ED9DA72-2C9F-469D-9184-C08E36A88D97}.Release|Any CPU.Build.0 = Release|Any CPU
	EndGlobalSection
	GlobalSection(SolutionProperties) = preSolution
		HideSolutionNode = FALSE
	EndGlobalSection
	GlobalSection(ExtensibilityGlobals) = postSolution
		SolutionGuid = {B90BDCAB-D616-46EB-881B-1E607312A13D}
	EndGlobalSection
EndGlobal
